
Microsoft Visual Studio Solution File, Format Version 12.00
# Visual Studio Version 17
VisualStudioVersion = 17.4.33205.214
MinimumVisualStudioVersion = 10.0.40219.1
Project("{FAE04EC0-301F-11D3-BF4B-00C04F79EFBC}") = "exercFixacaoInheritance", "exercFixacaoInheritance.csproj", "{4E61F50B-6367-4FCF-98F1-0B07BA55E038}"
EndProject
Global
	GlobalSection(SolutionConfigurationPlatforms) = preSolution
		Debug|Any CPU = Debug|Any CPU
		Release|Any CPU = Release|Any CPU
	EndGlobalSection
	GlobalSection(ProjectConfigurationPlatforms) = postSolution
		{4E61F50B-6367-4FCF-98F1-0B07BA55E038}.Debug|Any CPU.ActiveCfg = Debug|Any CPU
		{4E61F50B-6367-4FCF-98F1-0B07BA55E038}.Debug|Any CPU.Build.0 = Debug|Any CPU
		{4E61F50B-6367-4FCF-98F1-0B07BA55E038}.Release|Any CPU.ActiveCfg = Release|Any CPU
		{4E61F50B-6367-4FCF-98F1-0B07BA55E038}.Release|Any CPU.Build.0 = Release|Any CPU
	EndGlobalSection
	GlobalSection(SolutionProperties) = preSolution
		HideSolutionNode = FALSE
	EndGlobalSection
	GlobalSection(ExtensibilityGlobals) = postSolution
		SolutionGuid = {F036881F-D64D-4126-9D3C-123DFE065AFA}
	EndGlobalSection
EndGlobal
